
Microsoft Visual Studio Solution File, Format Version 12.00
# Visual Studio Version 17
VisualStudioVersion = 17.9.34526.213
MinimumVisualStudioVersion = 10.0.40219.1
Project("{9A19103F-16F7-4668-BE54-9A1E7A4F7556}") = "AlbumsAPI", "AlbumsAPI\AlbumsAPI.csproj", "{21037843-3967-4986-95E4-67C34EA70985}"
EndProject
Project("{9A19103F-16F7-4668-BE54-9A1E7A4F7556}") = "Albums.Domain", "Albums.Domain\Albums.Domain.csproj", "{2862FFFF-5850-46B6-A788-888B8D9A3794}"
EndProject
Project("{9A19103F-16F7-4668-BE54-9A1E7A4F7556}") = "Albums.Business", "Albums.Business\Albums.Business.csproj", "{9F3750B5-4851-4087-895C-6CCDD67FF45D}"
EndProject
Project("{9A19103F-16F7-4668-BE54-9A1E7A4F7556}") = "Albums.Migrations", "Albums.Migrations\Albums.Migrations.csproj", "{D4C052EF-CB3F-434B-A0A6-F7A25A303575}"
EndProject
Project("{9A19103F-16F7-4668-BE54-9A1E7A4F7556}") = "Albums.Infrastucture", "Albums.Infrastucture\Albums.Infrastucture.csproj", "{94453BB9-23E4-4B23-ACF9-591D8CC125F8}"
EndProject
Project("{2150E333-8FDC-42A3-9474-1A3956D46DE8}") = "Elementos de la solución", "Elementos de la solución", "{3F67364F-DEA7-4D02-8EE9-B7C6E75C8D99}"
	ProjectSection(SolutionItems) = preProject
		.gitignore = .gitignore
		AlbumPhotos.mdf = AlbumPhotos.mdf
		README.md = README.md
	EndProjectSection
EndProject
Project("{E53339B2-1760-4266-BCC7-CA923CBCF16C}") = "docker-compose", "docker-compose.dcproj", "{3032D11A-F9CF-496E-AA7A-1E6C52B742FD}"
EndProject
Project("{9A19103F-16F7-4668-BE54-9A1E7A4F7556}") = "Albums.Test", "Albums.UnitTest\Albums.Test.csproj", "{74E02A19-4F6D-4975-94BB-3B475D0EB4DF}"
EndProject
Global
	GlobalSection(SolutionConfigurationPlatforms) = preSolution
		Debug|Any CPU = Debug|Any CPU
		Release|Any CPU = Release|Any CPU
	EndGlobalSection
	GlobalSection(ProjectConfigurationPlatforms) = postSolution
		{21037843-3967-4986-95E4-67C34EA70985}.Debug|Any CPU.ActiveCfg = Debug|Any CPU
		{21037843-3967-4986-95E4-67C34EA70985}.Debug|Any CPU.Build.0 = Debug|Any CPU
		{21037843-3967-4986-95E4-67C34EA70985}.Release|Any CPU.ActiveCfg = Release|Any CPU
		{21037843-3967-4986-95E4-67C34EA70985}.Release|Any CPU.Build.0 = Release|Any CPU
		{2862FFFF-5850-46B6-A788-888B8D9A3794}.Debug|Any CPU.ActiveCfg = Debug|Any CPU
		{2862FFFF-5850-46B6-A788-888B8D9A3794}.Debug|Any CPU.Build.0 = Debug|Any CPU
		{2862FFFF-5850-46B6-A788-888B8D9A3794}.Release|Any CPU.ActiveCfg = Release|Any CPU
		{2862FFFF-5850-46B6-A788-888B8D9A3794}.Release|Any CPU.Build.0 = Release|Any CPU
		{9F3750B5-4851-4087-895C-6CCDD67FF45D}.Debug|Any CPU.ActiveCfg = Debug|Any CPU
		{9F3750B5-4851-4087-895C-6CCDD67FF45D}.Debug|Any CPU.Build.0 = Debug|Any CPU
		{9F3750B5-4851-4087-895C-6CCDD67FF45D}.Release|Any CPU.ActiveCfg = Release|Any CPU
		{9F3750B5-4851-4087-895C-6CCDD67FF45D}.Release|Any CPU.Build.0 = Release|Any CPU
		{D4C052EF-CB3F-434B-A0A6-F7A25A303575}.Debug|Any CPU.ActiveCfg = Debug|Any CPU
		{D4C052EF-CB3F-434B-A0A6-F7A25A303575}.Debug|Any CPU.Build.0 = Debug|Any CPU
		{D4C052EF-CB3F-434B-A0A6-F7A25A303575}.Release|Any CPU.ActiveCfg = Release|Any CPU
		{D4C052EF-CB3F-434B-A0A6-F7A25A303575}.Release|Any CPU.Build.0 = Release|Any CPU
		{94453BB9-23E4-4B23-ACF9-591D8CC125F8}.Debug|Any CPU.ActiveCfg = Debug|Any CPU
		{94453BB9-23E4-4B23-ACF9-591D8CC125F8}.Debug|Any CPU.Build.0 = Debug|Any CPU
		{94453BB9-23E4-4B23-ACF9-591D8CC125F8}.Release|Any CPU.ActiveCfg = Release|Any CPU
		{94453BB9-23E4-4B23-ACF9-591D8CC125F8}.Release|Any CPU.Build.0 = Release|Any CPU
		{3032D11A-F9CF-496E-AA7A-1E6C52B742FD}.Debug|Any CPU.ActiveCfg = Debug|Any CPU
		{3032D11A-F9CF-496E-AA7A-1E6C52B742FD}.Debug|Any CPU.Build.0 = Debug|Any CPU
		{3032D11A-F9CF-496E-AA7A-1E6C52B742FD}.Release|Any CPU.ActiveCfg = Release|Any CPU
		{3032D11A-F9CF-496E-AA7A-1E6C52B742FD}.Release|Any CPU.Build.0 = Release|Any CPU
		{74E02A19-4F6D-4975-94BB-3B475D0EB4DF}.Debug|Any CPU.ActiveCfg = Debug|Any CPU
		{74E02A19-4F6D-4975-94BB-3B475D0EB4DF}.Debug|Any CPU.Build.0 = Debug|Any CPU
		{74E02A19-4F6D-4975-94BB-3B475D0EB4DF}.Release|Any CPU.ActiveCfg = Release|Any CPU
		{74E02A19-4F6D-4975-94BB-3B475D0EB4DF}.Release|Any CPU.Build.0 = Release|Any CPU
	EndGlobalSection
	GlobalSection(SolutionProperties) = preSolution
		HideSolutionNode = FALSE
	EndGlobalSection
	GlobalSection(ExtensibilityGlobals) = postSolution
		SolutionGuid = {86C415D7-BB52-4D89-98C7-16E8D1FF595F}
	EndGlobalSection
EndGlobal
